
Microsoft Visual Studio Solution File, Format Version 12.00
# Visual Studio Version 17
VisualStudioVersion = 17.4.33205.214
MinimumVisualStudioVersion = 10.0.40219.1
Project("{FAE04EC0-301F-11D3-BF4B-00C04F79EFBC}") = "HalfSemsterDiver", "HalfSemsterDiver\HalfSemsterDiver.csproj", "{0E94124B-6B22-4FAC-BCA1-1F8A74A2DDF2}"
EndProject
Global
	GlobalSection(SolutionConfigurationPlatforms) = preSolution
		Debug|Any CPU = Debug|Any CPU
		Release|Any CPU = Release|Any CPU
	EndGlobalSection
	GlobalSection(ProjectConfigurationPlatforms) = postSolution
		{0E94124B-6B22-4FAC-BCA1-1F8A74A2DDF2}.Debug|Any CPU.ActiveCfg = Debug|Any CPU
		{0E94124B-6B22-4FAC-BCA1-1F8A74A2DDF2}.Debug|Any CPU.Build.0 = Debug|Any CPU
		{0E94124B-6B22-4FAC-BCA1-1F8A74A2DDF2}.Release|Any CPU.ActiveCfg = Release|Any CPU
		{0E94124B-6B22-4FAC-BCA1-1F8A74A2DDF2}.Release|Any CPU.Build.0 = Release|Any CPU
	EndGlobalSection
	GlobalSection(SolutionProperties) = preSolution
		HideSolutionNode = FALSE
	EndGlobalSection
	GlobalSection(ExtensibilityGlobals) = postSolution
		SolutionGuid = {A4142132-2D0E-4D08-81E7-FDD44C5E83F4}
	EndGlobalSection
EndGlobal
